{
  "name": "chromium-e621-client",
  "version": "1.0.0",
  "lockfileVersion": 2,
  "requires": true,
  "packages": {
    "": {
      "name": "chromium-e621-client",
      "version": "1.0.0",
      "dependencies": {
        "@capacitor/android": "^5.7.0",
        "@capacitor/app": "^5.0.8",
        "@capacitor/core": "^5.7.0",
        "@capacitor/filesystem": "^5.1.0",
        "@capacitor/network": "^5.0.0"
      },
      "devDependencies": {
        "@capacitor/cli": "^5.7.0"
      }
    },
    "node_modules/@capacitor/android": {
      "version": "5.7.0",
      "resolved": "https://registry.npmjs.org/@capacitor/android/-/android-5.7.0.tgz",
      "integrity": "sha512-0Uu0+js1V1bKv0g1IxJtSdJDEh1ofPslE6lWnSfb2rO4s4A5b6hRneN4/g9xmXFFBkigKc/1i55n8qDPh+IzWg==",
      "peerDependencies": {
        "@capacitor/core": "^5.7.0"
      }
    },
    "node_modules/@capacitor/app": {
      "version": "5.0.8",
      "resolved": "https://registry.npmjs.org/@capacitor/app/-/app-5.0.8.tgz",
      "integrity": "sha512-ClUPJG6Awkf5HncVCZQwLrnuugjU8TnACSJ1dKJb6QNCHv2jQzmXvB3KvTvxTZyWbh5EVvlla0qlobYyU1lb6A==",
      "peerDependencies": {
        "@capacitor/core": "^5.0.0"
      }
    },
    "node_modules/@capacitor/cli": {
      "version": "5.7.0",
      "resolved": "https://registry.npmjs.org/@capacitor/cli/-/cli-5.7.0.tgz",
      "integrity": "sha512-Tj/mh5Py64TLcSgs5HB3gX2VY0eHCxQ87ChZ/4yD5MBszKbuBz41Po5UNHw7V+nDlYlRcRq0DQAoHfe8o0+qQ==",
      "dev": true,
      "dependencies": {
        "@ionic/utils-fs": "^3.1.6",
        "@ionic/utils-subprocess": "^2.1.11",
        "@ionic/utils-terminal": "^2.3.3",
        "commander": "^9.3.0",
        "debug": "^4.3.4",
        "env-paths": "^2.2.0",
        "kleur": "^4.1.4",
        "native-run": "^2.0.0",
        "open": "^8.4.0",
        "plist": "^3.0.5",
        "prompts": "^2.4.2",
        "rimraf": "^4.4.1",
        "semver": "^7.3.7",
        "tar": "^6.1.11",
        "tslib": "^2.4.0",
        "xml2js": "^0.5.0"
      },
      "bin": {
        "cap": "bin/cap",
        "capacitor": "bin/capacitor"
      },
      "engines": {
        "node": ">=16.0.0"
      }
    },
    "node_modules/@capacitor/core": {
      "version": "5.7.0",
      "resolved": "https://registry.npmjs.org/@capacitor/core/-/core-5.7.0.tgz",
      "integrity": "sha512-Dn0EaiuuO1sA1A5i0tvbLb2kIuDdDpD0i8jmjq2YYnVqjD8MvSEgNL5hLeRz0g1s/ZQ1VnsMLEhCWWVaaB7Gg==",
      "dependencies": {
        "tslib": "^2.4.0"
      }
    },
    "node_modules/@capacitor/filesystem": {
      "version": "5.1.6",
      "resolved": "https://registry.npmjs.org/@capacitor/filesystem/-/filesystem-5.1.6.tgz",
      "integrity": "sha512-RX6S22v26i1h4FfB/wbTNGql1vqsQ2blu5haVvPTtmtn5lRprqqz2iDqO5gFSf3ylEIC2iia2UkE8VHcfU27Q==",
      "peerDependencies": {
        "@capacitor/core": "^5.0.0"
      }
    },
    "node_modules/@capacitor/network": {
      "version": "5.0.7",
      "resolved": "https://registry.npmjs.org/@capacitor/network/-/network-5.0.7.tgz",
      "integrity": "sha512-2SV8lbRAQT6H0rLmO1mzYyJqV/A8nRcF7qw+CV9uLDGPdHtQH+rIxVx4HdQf8KcD5d1xyH6ETWxYJRfwD6Rnw==",
      "peerDependencies": {
        "@capacitor/core": "^5.0.0"
      }
    },
    "node_modules/tslib": {
      "version": "2.6.2",
      "resolved": "https://registry.npmjs.org/tslib/-/tslib-2.6.2.tgz",
      "integrity": "sha512-AEYxH93jGFPn/a2iVAwW87VuUIkR1FVUKB77NwMF7nBTDkDrrT/Hpt/IrCJ0QXhW27jTBDcf5ZY7w6RiqTMw=="
    }
  }
}
